
Microsoft Visual Studio Solution File, Format Version 12.00
# Visual Studio Version 17
VisualStudioVersion = 17.0.31903.59
MinimumVisualStudioVersion = 10.0.40219.1
Project("{2150E333-8FDC-42A3-9474-1A3956D46DE8}") = "src", "src", "{827E0CD3-B72D-47B6-A68D-7590B98EB39B}"
EndProject
Project("{FAE04EC0-301F-11D3-BF4B-00C04F79EFBC}") = "Captail", "src\Captail\Captail.csproj", "{FB66E8EA-3BE5-4E9C-8533-1C1B10A06151}"
EndProject
Project("{FAE04EC0-301F-11D3-BF4B-00C04F79EFBC}") = "Captail.Tests", "tests\Captail.Tests\Captail.Tests.csproj", "{4E923A7D-B843-42C5-B5B4-459C46645C11}"
EndProject
Global
	GlobalSection(SolutionConfigurationPlatforms) = preSolution
		Debug|Any CPU = Debug|Any CPU
		Debug|x64 = Debug|x64
		Release|Any CPU = Release|Any CPU
		Release|x64 = Release|x64
	EndGlobalSection
	GlobalSection(ProjectConfigurationPlatforms) = postSolution
		{FB66E8EA-3BE5-4E9C-8533-1C1B10A06151}.Debug|Any CPU.ActiveCfg = Debug|Any CPU
		{FB66E8EA-3BE5-4E9C-8533-1C1B10A06151}.Debug|Any CPU.Build.0 = Debug|Any CPU
		{FB66E8EA-3BE5-4E9C-8533-1C1B10A06151}.Debug|x64.ActiveCfg = Debug|Any CPU
		{FB66E8EA-3BE5-4E9C-8533-1C1B10A06151}.Debug|x64.Build.0 = Debug|Any CPU
		{FB66E8EA-3BE5-4E9C-8533-1C1B10A06151}.Release|Any CPU.ActiveCfg = Release|Any CPU
		{FB66E8EA-3BE5-4E9C-8533-1C1B10A06151}.Release|Any CPU.Build.0 = Release|Any CPU
		{FB66E8EA-3BE5-4E9C-8533-1C1B10A06151}.Release|x64.ActiveCfg = Release|Any CPU
		{FB66E8EA-3BE5-4E9C-8533-1C1B10A06151}.Release|x64.Build.0 = Release|Any CPU
		{4E923A7D-B843-42C5-B5B4-459C46645C11}.Debug|Any CPU.ActiveCfg = Debug|Any CPU
		{4E923A7D-B843-42C5-B5B4-459C46645C11}.Debug|Any CPU.Build.0 = Debug|Any CPU
		{4E923A7D-B843-42C5-B5B4-459C46645C11}.Debug|x64.ActiveCfg = Debug|Any CPU
		{4E923A7D-B843-42C5-B5B4-459C46645C11}.Debug|x64.Build.0 = Debug|Any CPU
		{4E923A7D-B843-42C5-B5B4-459C46645C11}.Release|Any CPU.ActiveCfg = Release|Any CPU
		{4E923A7D-B843-42C5-B5B4-459C46645C11}.Release|Any CPU.Build.0 = Release|Any CPU
		{4E923A7D-B843-42C5-B5B4-459C46645C11}.Release|x64.ActiveCfg = Release|Any CPU
		{4E923A7D-B843-42C5-B5B4-459C46645C11}.Release|x64.Build.0 = Release|Any CPU
	EndGlobalSection
	GlobalSection(SolutionProperties) = preSolution
		HideSolutionNode = FALSE
	EndGlobalSection
	GlobalSection(NestedProjects) = preSolution
		{FB66E8EA-3BE5-4E9C-8533-1C1B10A06151} = {827E0CD3-B72D-47B6-A68D-7590B98EB39B}
		{4E923A7D-B843-42C5-B5B4-459C46645C11} = {827E0CD3-B72D-47B6-A68D-7590B98EB39B}
	EndGlobalSection
EndGlobal
